
Microsoft Visual Studio Solution File, Format Version 12.00
# Visual Studio Version 16
VisualStudioVersion = 16.0.31424.327
MinimumVisualStudioVersion = 10.0.40219.1
Project("{9A19103F-16F7-4668-BE54-9A1E7A4F7556}") = "PriceOfSale", "PriceOfSale\PriceOfSale.csproj", "{5DCE266F-E1A5-47B3-B906-866A6C5B0223}"
EndProject
Project("{FAE04EC0-301F-11D3-BF4B-00C04F79EFBC}") = "PriceOfSaleTests", "PriceOfSaleTests\PriceOfSaleTests.csproj", "{DC95FE57-B06E-4BB3-B0ED-E5324D682773}"
EndProject
Global
	GlobalSection(SolutionConfigurationPlatforms) = preSolution
		Debug|Any CPU = Debug|Any CPU
		Release|Any CPU = Release|Any CPU
	EndGlobalSection
	GlobalSection(ProjectConfigurationPlatforms) = postSolution
		{5DCE266F-E1A5-47B3-B906-866A6C5B0223}.Debug|Any CPU.ActiveCfg = Debug|Any CPU
		{5DCE266F-E1A5-47B3-B906-866A6C5B0223}.Debug|Any CPU.Build.0 = Debug|Any CPU
		{5DCE266F-E1A5-47B3-B906-866A6C5B0223}.Release|Any CPU.ActiveCfg = Release|Any CPU
		{5DCE266F-E1A5-47B3-B906-866A6C5B0223}.Release|Any CPU.Build.0 = Release|Any CPU
		{DC95FE57-B06E-4BB3-B0ED-E5324D682773}.Debug|Any CPU.ActiveCfg = Debug|Any CPU
		{DC95FE57-B06E-4BB3-B0ED-E5324D682773}.Debug|Any CPU.Build.0 = Debug|Any CPU
		{DC95FE57-B06E-4BB3-B0ED-E5324D682773}.Release|Any CPU.ActiveCfg = Release|Any CPU
		{DC95FE57-B06E-4BB3-B0ED-E5324D682773}.Release|Any CPU.Build.0 = Release|Any CPU
	EndGlobalSection
	GlobalSection(SolutionProperties) = preSolution
		HideSolutionNode = FALSE
	EndGlobalSection
	GlobalSection(ExtensibilityGlobals) = postSolution
		SolutionGuid = {C7C9FE57-8C66-4F14-8A71-0927B3F2A39D}
	EndGlobalSection
EndGlobal
